
Microsoft Visual Studio Solution File, Format Version 12.00
# Visual Studio 2013
VisualStudioVersion = 12.0.30723.0
MinimumVisualStudioVersion = 10.0.40219.1
Project("{FAE04EC0-301F-11D3-BF4B-00C04F79EFBC}") = "TestGame", "TestGame\TestGame.csproj", "{8A8A6E96-9763-46A3-8133-E658BED7889C}"
EndProject
Project("{FAE04EC0-301F-11D3-BF4B-00C04F79EFBC}") = "TestGame.Tests", "TestGame.Tests\TestGame.Tests.csproj", "{A8F0E97B-25F3-4731-9D18-E503CDB17E40}"
EndProject
Global
	GlobalSection(SolutionConfigurationPlatforms) = preSolution
		Debug|Any CPU = Debug|Any CPU
		Debug|Mixed Platforms = Debug|Mixed Platforms
		Debug|x86 = Debug|x86
		Release|Any CPU = Release|Any CPU
		Release|Mixed Platforms = Release|Mixed Platforms
		Release|x86 = Release|x86
	EndGlobalSection
	GlobalSection(ProjectConfigurationPlatforms) = postSolution
		{8A8A6E96-9763-46A3-8133-E658BED7889C}.Debug|Any CPU.ActiveCfg = Debug|x86
		{8A8A6E96-9763-46A3-8133-E658BED7889C}.Debug|Mixed Platforms.ActiveCfg = Debug|x86
		{8A8A6E96-9763-46A3-8133-E658BED7889C}.Debug|Mixed Platforms.Build.0 = Debug|x86
		{8A8A6E96-9763-46A3-8133-E658BED7889C}.Debug|x86.ActiveCfg = Debug|x86
		{8A8A6E96-9763-46A3-8133-E658BED7889C}.Debug|x86.Build.0 = Debug|x86
		{8A8A6E96-9763-46A3-8133-E658BED7889C}.Release|Any CPU.ActiveCfg = Release|x86
		{8A8A6E96-9763-46A3-8133-E658BED7889C}.Release|Mixed Platforms.ActiveCfg = Release|x86
		{8A8A6E96-9763-46A3-8133-E658BED7889C}.Release|Mixed Platforms.Build.0 = Release|x86
		{8A8A6E96-9763-46A3-8133-E658BED7889C}.Release|x86.ActiveCfg = Release|x86
		{8A8A6E96-9763-46A3-8133-E658BED7889C}.Release|x86.Build.0 = Release|x86
		{A8F0E97B-25F3-4731-9D18-E503CDB17E40}.Debug|Any CPU.ActiveCfg = Debug|Any CPU
		{A8F0E97B-25F3-4731-9D18-E503CDB17E40}.Debug|Any CPU.Build.0 = Debug|Any CPU
		{A8F0E97B-25F3-4731-9D18-E503CDB17E40}.Debug|Mixed Platforms.ActiveCfg = Debug|Any CPU
		{A8F0E97B-25F3-4731-9D18-E503CDB17E40}.Debug|Mixed Platforms.Build.0 = Debug|Any CPU
		{A8F0E97B-25F3-4731-9D18-E503CDB17E40}.Debug|x86.ActiveCfg = Debug|Any CPU
		{A8F0E97B-25F3-4731-9D18-E503CDB17E40}.Release|Any CPU.ActiveCfg = Release|Any CPU
		{A8F0E97B-25F3-4731-9D18-E503CDB17E40}.Release|Any CPU.Build.0 = Release|Any CPU
		{A8F0E97B-25F3-4731-9D18-E503CDB17E40}.Release|Mixed Platforms.ActiveCfg = Release|Any CPU
		{A8F0E97B-25F3-4731-9D18-E503CDB17E40}.Release|Mixed Platforms.Build.0 = Release|Any CPU
		{A8F0E97B-25F3-4731-9D18-E503CDB17E40}.Release|x86.ActiveCfg = Release|Any CPU
	EndGlobalSection
	GlobalSection(SolutionProperties) = preSolution
		HideSolutionNode = FALSE
	EndGlobalSection
EndGlobal
